Lr! D�CDD�R3�91!4�!!H,@�D@�-���yhrG�����b���y�-��e�ߩjw��KޮȨ�^;��(�����i���z����j��(��v*����r߬�X����{���朷�)�+~����^;��w�ww��}�}�6Ӟ��m����ۯ{پdiثk�-�����>�-�����*'ۭkz�%��a��l��ނ+-�,��zd��&�F������+ɺ(����춊�n�$��ۭm�7[ӯ:ww���wy��o����Zs���]��ׇֻ^���zw"z�v*����r߬�X����{^4m�ޗ��ئ{�tu���j]t����+j�!�M㲉�������}�t�G�r�^�]e�֬����������������Z��m+y�-����-6޷�rߢ��^r�+�]+y�-�jj]vַ����F������+ɺ(�]�����*'׍t��(�����i���z����j��(��v*���h�&�O���h�&�O��]-�=�{n��V��f��}y�7u���[u�6�_��^���zw"z�v*���h�&�O��n�j*۝����!�k5�F�m�~r���]xm�ޗ�hi׫�ni����%�����um�ޗ�kzǭ��6�^z�F�m�~���z߫y�-�]um�ޗ�kzǭ��Z���i������)��ݜ��'Ӎ�i��׫������)�ߝ^ƚ޲�5�x������'��Ɵ{�5������Mj��t��[��y�-�m���e��:��ZrO����{隧]9���Mpy�ZrMu�]py�ZrO�z����e{�{^����i�>��~�']������BR8ԭ����/z�"�}<ⷬ�[�vm�����"���ɪ�H�o�H�R������%#�J��jo��`��z�_{�����}:�]�o���{�����uשzw^�Ȟ�;(�����4��k��!